Microsoft Visual Studio Solution File, Format Version 12.00
# Visual Studio Version 16
VisualStudioVersion = 16.0.30406.217
MinimumVisualStudioVersion = 10.0.40219.1
Project("{9A19103F-16F7-4668-BE54-9A1E7A4F7556}") = "TradeManagementSystemClient", "TradeManagementSystemClient\TradeManagementSystemClient.csproj", "{C24F418B-DB14-45F0-8176-E825CF5064EC}"
EndProject
Project("{9A19103F-16F7-4668-BE54-9A1E7A4F7556}") = "NepseClient.Commons", "NepseClient.Commons\NepseClient.Commons.csproj", "{456F3585-A2DF-48C3-965D-69D33353D222}"
EndProject
Project("{2150E333-8FDC-42A3-9474-1A3956D46DE8}") = "_lib", "_lib", "{177EC4C8-1907-43FE-8DED-8A9A39E32B80}"
EndProject
Project("{9A19103F-16F7-4668-BE54-9A1E7A4F7556}") = "NepseApp", "NepseApp\NepseApp.csproj", "{C2ECF70A-4570-4627-B391-A7B1DB5181D5}"
EndProject
Project("{54435603-DBB4-11D2-8724-00A0C9A8B90C}") = "NepseApp.Setup", "NepseApp.Setup\NepseApp.Setup.vdproj", "{6CF440CB-9DEA-4184-BD4C-F3C420E86DC9}"
EndProject
Project("{2150E333-8FDC-42A3-9474-1A3956D46DE8}") = "_assets", "_assets", "{256DA586-17CA-4060-9470-0D6C3228656D}"
	ProjectSection(SolutionItems) = preProject
		assets\nepse_tms.pfx = assets\nepse_tms.pfx
	EndProjectSection
EndProject
Global
	GlobalSection(SolutionConfigurationPlatforms) = preSolution
		Debug|Any CPU = Debug|Any CPU
		Release|Any CPU = Release|Any CPU
	EndGlobalSection
	GlobalSection(ProjectConfigurationPlatforms) = postSolution
		{C24F418B-DB14-45F0-8176-E825CF5064EC}.Debug|Any CPU.ActiveCfg = Debug|Any CPU
		{C24F418B-DB14-45F0-8176-E825CF5064EC}.Debug|Any CPU.Build.0 = Debug|Any CPU
		{C24F418B-DB14-45F0-8176-E825CF5064EC}.Release|Any CPU.ActiveCfg = Release|Any CPU
		{C24F418B-DB14-45F0-8176-E825CF5064EC}.Release|Any CPU.Build.0 = Release|Any CPU
		{456F3585-A2DF-48C3-965D-69D33353D222}.Debug|Any CPU.ActiveCfg = Debug|Any CPU
		{456F3585-A2DF-48C3-965D-69D33353D222}.Debug|Any CPU.Build.0 = Debug|Any CPU
		{456F3585-A2DF-48C3-965D-69D33353D222}.Release|Any CPU.ActiveCfg = Release|Any CPU
		{456F3585-A2DF-48C3-965D-69D33353D222}.Release|Any CPU.Build.0 = Release|Any CPU
		{C2ECF70A-4570-4627-B391-A7B1DB5181D5}.Debug|Any CPU.ActiveCfg = Debug|Any CPU
		{C2ECF70A-4570-4627-B391-A7B1DB5181D5}.Debug|Any CPU.Build.0 = Debug|Any CPU
		{C2ECF70A-4570-4627-B391-A7B1DB5181D5}.Release|Any CPU.ActiveCfg = Release|Any CPU
		{C2ECF70A-4570-4627-B391-A7B1DB5181D5}.Release|Any CPU.Build.0 = Release|Any CPU
		{6CF440CB-9DEA-4184-BD4C-F3C420E86DC9}.Debug|Any CPU.ActiveCfg = Debug
		{6CF440CB-9DEA-4184-BD4C-F3C420E86DC9}.Release|Any CPU.ActiveCfg = Release
	EndGlobalSection
	GlobalSection(SolutionProperties) = preSolution
		HideSolutionNode = FALSE
	EndGlobalSection
	GlobalSection(NestedProjects) = preSolution
		{C24F418B-DB14-45F0-8176-E825CF5064EC} = {177EC4C8-1907-43FE-8DED-8A9A39E32B80}
		{456F3585-A2DF-48C3-965D-69D33353D222} = {177EC4C8-1907-43FE-8DED-8A9A39E32B80}
	EndGlobalSection
	GlobalSection(ExtensibilityGlobals) = postSolution
		SolutionGuid = {EFFE650E-64D7-44A4-9E1E-A2C6B6A730E0}
	EndGlobalSection
EndGlobal
