Microsoft Visual Studio Solution File, Format Version 12.00
# Visual Studio Version 16
VisualStudioVersion = 16.0.30406.217
MinimumVisualStudioVersion = 10.0.40219.1
Project("{9A19103F-16F7-4668-BE54-9A1E7A4F7556}") = "TradeManagementSystemClient", "TradeManagementSystemClient\TradeManagementSystemClient.csproj", "{C24F418B-DB14-45F0-8176-E825CF5064EC}"
EndProject
Project("{9A19103F-16F7-4668-BE54-9A1E7A4F7556}") = "NepseClient.Commons", "NepseClient.Commons\NepseClient.Commons.csproj", "{456F3585-A2DF-48C3-965D-69D33353D222}"
EndProject
Project("{2150E333-8FDC-42A3-9474-1A3956D46DE8}") = "_lib", "_lib", "{177EC4C8-1907-43FE-8DED-8A9A39E32B80}"
EndProject
Project("{9A19103F-16F7-4668-BE54-9A1E7A4F7556}") = "NepseApp", "NepseApp\NepseApp.csproj", "{C2ECF70A-4570-4627-B391-A7B1DB5181D5}"
EndProject
Project("{2150E333-8FDC-42A3-9474-1A3956D46DE8}") = "_assets", "_assets", "{256DA586-17CA-4060-9470-0D6C3228656D}"
	ProjectSection(SolutionItems) = preProject
		assets\nepse_tms.snk = assets\nepse_tms.snk
	EndProjectSection
EndProject
Project("{930C7802-8A8C-48F9-8165-68863BCCD9DD}") = "WixInstaller", "WixInstaller\WixInstaller.wixproj", "{E77168B9-F82C-477B-913D-FD9E17B6AB49}"
EndProject
Project("{2150E333-8FDC-42A3-9474-1A3956D46DE8}") = "executables", "executables", "{B59FCE9B-6A71-4363-A613-C977EA033301}"
EndProject
Project("{FAE04EC0-301F-11D3-BF4B-00C04F79EFBC}") = "TradeManagementSystem.ConsoleApp", "TradeManagementSystem.ConsoleApp\TradeManagementSystem.ConsoleApp.csproj", "{228BFB92-3FE6-4D5D-A528-049646D8806E}"
EndProject
Project("{2150E333-8FDC-42A3-9474-1A3956D46DE8}") = "_modules", "_modules", "{76ABE260-40F4-4E7B-8564-2A4C21C1AC85}"
EndProject
Project("{FAE04EC0-301F-11D3-BF4B-00C04F79EFBC}") = "NepseClient.Modules.TradeManagementSystem", "NepseClient.Modules.TradeManagementSystem\NepseClient.Modules.TradeManagementSystem.csproj", "{D5948BFE-4F31-46A0-AFC4-7E6A12A74761}"
EndProject
Project("{FAE04EC0-301F-11D3-BF4B-00C04F79EFBC}") = "NepseClient.Libraries.TradeManagementSystem", "NepseClient.Libraries.TradeManagementSystem\NepseClient.Libraries.TradeManagementSystem.csproj", "{26F84336-E151-462E-A0C5-34548E422767}"
EndProject
Project("{FAE04EC0-301F-11D3-BF4B-00C04F79EFBC}") = "NepseClient.Modules.MeroShare", "NepseClient.Modules.MeroShare\NepseClient.Modules.MeroShare.csproj", "{C35DB76C-8B98-4441-A6A4-5301E6A92974}"
EndProject
Project("{FAE04EC0-301F-11D3-BF4B-00C04F79EFBC}") = "NepseClient.Modules.Commons", "NepseClient.Modules.Commons\NepseClient.Modules.Commons.csproj", "{0227A9B8-2999-4333-9984-406367FD4BE2}"
EndProject
Global
	GlobalSection(SolutionConfigurationPlatforms) = preSolution
		Debug|Any CPU = Debug|Any CPU
		Debug|x64 = Debug|x64
		Debug|x86 = Debug|x86
		Release|Any CPU = Release|Any CPU
		Release|x64 = Release|x64
		Release|x86 = Release|x86
	EndGlobalSection
	GlobalSection(ProjectConfigurationPlatforms) = postSolution
		{C24F418B-DB14-45F0-8176-E825CF5064EC}.Debug|Any CPU.ActiveCfg = Debug|Any CPU
		{C24F418B-DB14-45F0-8176-E825CF5064EC}.Debug|Any CPU.Build.0 = Debug|Any CPU
		{C24F418B-DB14-45F0-8176-E825CF5064EC}.Debug|x64.ActiveCfg = Debug|Any CPU
		{C24F418B-DB14-45F0-8176-E825CF5064EC}.Debug|x64.Build.0 = Debug|Any CPU
		{C24F418B-DB14-45F0-8176-E825CF5064EC}.Debug|x86.ActiveCfg = Debug|Any CPU
		{C24F418B-DB14-45F0-8176-E825CF5064EC}.Debug|x86.Build.0 = Debug|Any CPU
		{C24F418B-DB14-45F0-8176-E825CF5064EC}.Release|Any CPU.ActiveCfg = Release|Any CPU
		{C24F418B-DB14-45F0-8176-E825CF5064EC}.Release|Any CPU.Build.0 = Release|Any CPU
		{C24F418B-DB14-45F0-8176-E825CF5064EC}.Release|x64.ActiveCfg = Release|x64
		{C24F418B-DB14-45F0-8176-E825CF5064EC}.Release|x64.Build.0 = Release|x64
		{C24F418B-DB14-45F0-8176-E825CF5064EC}.Release|x86.ActiveCfg = Release|Any CPU
		{C24F418B-DB14-45F0-8176-E825CF5064EC}.Release|x86.Build.0 = Release|Any CPU
		{456F3585-A2DF-48C3-965D-69D33353D222}.Debug|Any CPU.ActiveCfg = Debug|Any CPU
		{456F3585-A2DF-48C3-965D-69D33353D222}.Debug|Any CPU.Build.0 = Debug|Any CPU
		{456F3585-A2DF-48C3-965D-69D33353D222}.Debug|x64.ActiveCfg = Debug|Any CPU
		{456F3585-A2DF-48C3-965D-69D33353D222}.Debug|x64.Build.0 = Debug|Any CPU
		{456F3585-A2DF-48C3-965D-69D33353D222}.Debug|x86.ActiveCfg = Debug|Any CPU
		{456F3585-A2DF-48C3-965D-69D33353D222}.Debug|x86.Build.0 = Debug|Any CPU
		{456F3585-A2DF-48C3-965D-69D33353D222}.Release|Any CPU.ActiveCfg = Release|Any CPU
		{456F3585-A2DF-48C3-965D-69D33353D222}.Release|Any CPU.Build.0 = Release|Any CPU
		{456F3585-A2DF-48C3-965D-69D33353D222}.Release|x64.ActiveCfg = Release|x64
		{456F3585-A2DF-48C3-965D-69D33353D222}.Release|x64.Build.0 = Release|x64
		{456F3585-A2DF-48C3-965D-69D33353D222}.Release|x86.ActiveCfg = Release|Any CPU
		{456F3585-A2DF-48C3-965D-69D33353D222}.Release|x86.Build.0 = Release|Any CPU
		{C2ECF70A-4570-4627-B391-A7B1DB5181D5}.Debug|Any CPU.ActiveCfg = Debug|Any CPU
		{C2ECF70A-4570-4627-B391-A7B1DB5181D5}.Debug|Any CPU.Build.0 = Debug|Any CPU
		{C2ECF70A-4570-4627-B391-A7B1DB5181D5}.Debug|x64.ActiveCfg = Debug|Any CPU
		{C2ECF70A-4570-4627-B391-A7B1DB5181D5}.Debug|x64.Build.0 = Debug|Any CPU
		{C2ECF70A-4570-4627-B391-A7B1DB5181D5}.Debug|x86.ActiveCfg = Debug|Any CPU
		{C2ECF70A-4570-4627-B391-A7B1DB5181D5}.Debug|x86.Build.0 = Debug|Any CPU
		{C2ECF70A-4570-4627-B391-A7B1DB5181D5}.Release|Any CPU.ActiveCfg = Release|Any CPU
		{C2ECF70A-4570-4627-B391-A7B1DB5181D5}.Release|Any CPU.Build.0 = Release|Any CPU
		{C2ECF70A-4570-4627-B391-A7B1DB5181D5}.Release|x64.ActiveCfg = Release|x64
		{C2ECF70A-4570-4627-B391-A7B1DB5181D5}.Release|x64.Build.0 = Release|x64
		{C2ECF70A-4570-4627-B391-A7B1DB5181D5}.Release|x86.ActiveCfg = Release|Any CPU
		{C2ECF70A-4570-4627-B391-A7B1DB5181D5}.Release|x86.Build.0 = Release|Any CPU
		{E77168B9-F82C-477B-913D-FD9E17B6AB49}.Debug|Any CPU.ActiveCfg = Debug|x86
		{E77168B9-F82C-477B-913D-FD9E17B6AB49}.Debug|x64.ActiveCfg = Debug|x64
		{E77168B9-F82C-477B-913D-FD9E17B6AB49}.Debug|x86.ActiveCfg = Debug|x86
		{E77168B9-F82C-477B-913D-FD9E17B6AB49}.Release|Any CPU.ActiveCfg = Release|x86
		{E77168B9-F82C-477B-913D-FD9E17B6AB49}.Release|x64.ActiveCfg = Release|x64
		{E77168B9-F82C-477B-913D-FD9E17B6AB49}.Release|x64.Build.0 = Release|x64
		{E77168B9-F82C-477B-913D-FD9E17B6AB49}.Release|x86.ActiveCfg = Release|x86
		{E77168B9-F82C-477B-913D-FD9E17B6AB49}.Release|x86.Build.0 = Release|x86
		{228BFB92-3FE6-4D5D-A528-049646D8806E}.Debug|Any CPU.ActiveCfg = Debug|Any CPU
		{228BFB92-3FE6-4D5D-A528-049646D8806E}.Debug|x64.ActiveCfg = Debug|Any CPU
		{228BFB92-3FE6-4D5D-A528-049646D8806E}.Debug|x64.Build.0 = Debug|Any CPU
		{228BFB92-3FE6-4D5D-A528-049646D8806E}.Debug|x86.ActiveCfg = Debug|Any CPU
		{228BFB92-3FE6-4D5D-A528-049646D8806E}.Debug|x86.Build.0 = Debug|Any CPU
		{228BFB92-3FE6-4D5D-A528-049646D8806E}.Release|Any CPU.ActiveCfg = Release|Any CPU
		{228BFB92-3FE6-4D5D-A528-049646D8806E}.Release|x64.ActiveCfg = Release|Any CPU
		{228BFB92-3FE6-4D5D-A528-049646D8806E}.Release|x64.Build.0 = Release|Any CPU
		{228BFB92-3FE6-4D5D-A528-049646D8806E}.Release|x86.ActiveCfg = Release|Any CPU
		{228BFB92-3FE6-4D5D-A528-049646D8806E}.Release|x86.Build.0 = Release|Any CPU
		{D5948BFE-4F31-46A0-AFC4-7E6A12A74761}.Debug|Any CPU.ActiveCfg = Debug|Any CPU
		{D5948BFE-4F31-46A0-AFC4-7E6A12A74761}.Debug|Any CPU.Build.0 = Debug|Any CPU
		{D5948BFE-4F31-46A0-AFC4-7E6A12A74761}.Debug|x64.ActiveCfg = Debug|Any CPU
		{D5948BFE-4F31-46A0-AFC4-7E6A12A74761}.Debug|x64.Build.0 = Debug|Any CPU
		{D5948BFE-4F31-46A0-AFC4-7E6A12A74761}.Debug|x86.ActiveCfg = Debug|Any CPU
		{D5948BFE-4F31-46A0-AFC4-7E6A12A74761}.Debug|x86.Build.0 = Debug|Any CPU
		{D5948BFE-4F31-46A0-AFC4-7E6A12A74761}.Release|Any CPU.ActiveCfg = Release|Any CPU
		{D5948BFE-4F31-46A0-AFC4-7E6A12A74761}.Release|Any CPU.Build.0 = Release|Any CPU
		{D5948BFE-4F31-46A0-AFC4-7E6A12A74761}.Release|x64.ActiveCfg = Release|Any CPU
		{D5948BFE-4F31-46A0-AFC4-7E6A12A74761}.Release|x64.Build.0 = Release|Any CPU
		{D5948BFE-4F31-46A0-AFC4-7E6A12A74761}.Release|x86.ActiveCfg = Release|Any CPU
		{D5948BFE-4F31-46A0-AFC4-7E6A12A74761}.Release|x86.Build.0 = Release|Any CPU
		{26F84336-E151-462E-A0C5-34548E422767}.Debug|Any CPU.ActiveCfg = Debug|Any CPU
		{26F84336-E151-462E-A0C5-34548E422767}.Debug|Any CPU.Build.0 = Debug|Any CPU
		{26F84336-E151-462E-A0C5-34548E422767}.Debug|x64.ActiveCfg = Debug|Any CPU
		{26F84336-E151-462E-A0C5-34548E422767}.Debug|x64.Build.0 = Debug|Any CPU
		{26F84336-E151-462E-A0C5-34548E422767}.Debug|x86.ActiveCfg = Debug|Any CPU
		{26F84336-E151-462E-A0C5-34548E422767}.Debug|x86.Build.0 = Debug|Any CPU
		{26F84336-E151-462E-A0C5-34548E422767}.Release|Any CPU.ActiveCfg = Release|Any CPU
		{26F84336-E151-462E-A0C5-34548E422767}.Release|Any CPU.Build.0 = Release|Any CPU
		{26F84336-E151-462E-A0C5-34548E422767}.Release|x64.ActiveCfg = Release|Any CPU
		{26F84336-E151-462E-A0C5-34548E422767}.Release|x64.Build.0 = Release|Any CPU
		{26F84336-E151-462E-A0C5-34548E422767}.Release|x86.ActiveCfg = Release|Any CPU
		{26F84336-E151-462E-A0C5-34548E422767}.Release|x86.Build.0 = Release|Any CPU
		{C35DB76C-8B98-4441-A6A4-5301E6A92974}.Debug|Any CPU.ActiveCfg = Debug|Any CPU
		{C35DB76C-8B98-4441-A6A4-5301E6A92974}.Debug|Any CPU.Build.0 = Debug|Any CPU
		{C35DB76C-8B98-4441-A6A4-5301E6A92974}.Debug|x64.ActiveCfg = Debug|Any CPU
		{C35DB76C-8B98-4441-A6A4-5301E6A92974}.Debug|x64.Build.0 = Debug|Any CPU
		{C35DB76C-8B98-4441-A6A4-5301E6A92974}.Debug|x86.ActiveCfg = Debug|Any CPU
		{C35DB76C-8B98-4441-A6A4-5301E6A92974}.Debug|x86.Build.0 = Debug|Any CPU
		{C35DB76C-8B98-4441-A6A4-5301E6A92974}.Release|Any CPU.ActiveCfg = Release|Any CPU
		{C35DB76C-8B98-4441-A6A4-5301E6A92974}.Release|Any CPU.Build.0 = Release|Any CPU
		{C35DB76C-8B98-4441-A6A4-5301E6A92974}.Release|x64.ActiveCfg = Release|Any CPU
		{C35DB76C-8B98-4441-A6A4-5301E6A92974}.Release|x64.Build.0 = Release|Any CPU
		{C35DB76C-8B98-4441-A6A4-5301E6A92974}.Release|x86.ActiveCfg = Release|Any CPU
		{C35DB76C-8B98-4441-A6A4-5301E6A92974}.Release|x86.Build.0 = Release|Any CPU
		{0227A9B8-2999-4333-9984-406367FD4BE2}.Debug|Any CPU.ActiveCfg = Debug|Any CPU
		{0227A9B8-2999-4333-9984-406367FD4BE2}.Debug|Any CPU.Build.0 = Debug|Any CPU
		{0227A9B8-2999-4333-9984-406367FD4BE2}.Debug|x64.ActiveCfg = Debug|Any CPU
		{0227A9B8-2999-4333-9984-406367FD4BE2}.Debug|x64.Build.0 = Debug|Any CPU
		{0227A9B8-2999-4333-9984-406367FD4BE2}.Debug|x86.ActiveCfg = Debug|Any CPU
		{0227A9B8-2999-4333-9984-406367FD4BE2}.Debug|x86.Build.0 = Debug|Any CPU
		{0227A9B8-2999-4333-9984-406367FD4BE2}.Release|Any CPU.ActiveCfg = Release|Any CPU
		{0227A9B8-2999-4333-9984-406367FD4BE2}.Release|Any CPU.Build.0 = Release|Any CPU
		{0227A9B8-2999-4333-9984-406367FD4BE2}.Release|x64.ActiveCfg = Release|Any CPU
		{0227A9B8-2999-4333-9984-406367FD4BE2}.Release|x64.Build.0 = Release|Any CPU
		{0227A9B8-2999-4333-9984-406367FD4BE2}.Release|x86.ActiveCfg = Release|Any CPU
		{0227A9B8-2999-4333-9984-406367FD4BE2}.Release|x86.Build.0 = Release|Any CPU
	EndGlobalSection
	GlobalSection(SolutionProperties) = preSolution
		HideSolutionNode = FALSE
	EndGlobalSection
	GlobalSection(NestedProjects) = preSolution
		{C24F418B-DB14-45F0-8176-E825CF5064EC} = {177EC4C8-1907-43FE-8DED-8A9A39E32B80}
		{456F3585-A2DF-48C3-965D-69D33353D222} = {177EC4C8-1907-43FE-8DED-8A9A39E32B80}
		{C2ECF70A-4570-4627-B391-A7B1DB5181D5} = {B59FCE9B-6A71-4363-A613-C977EA033301}
		{228BFB92-3FE6-4D5D-A528-049646D8806E} = {B59FCE9B-6A71-4363-A613-C977EA033301}
		{D5948BFE-4F31-46A0-AFC4-7E6A12A74761} = {76ABE260-40F4-4E7B-8564-2A4C21C1AC85}
		{26F84336-E151-462E-A0C5-34548E422767} = {177EC4C8-1907-43FE-8DED-8A9A39E32B80}
		{C35DB76C-8B98-4441-A6A4-5301E6A92974} = {76ABE260-40F4-4E7B-8564-2A4C21C1AC85}
		{0227A9B8-2999-4333-9984-406367FD4BE2} = {76ABE260-40F4-4E7B-8564-2A4C21C1AC85}
	EndGlobalSection
	GlobalSection(ExtensibilityGlobals) = postSolution
		SolutionGuid = {EFFE650E-64D7-44A4-9E1E-A2C6B6A730E0}
	EndGlobalSection
EndGlobal
